
Microsoft Visual Studio Solution File, Format Version 12.00
# Visual Studio Version 16
VisualStudioVersion = 16.0.31702.278
MinimumVisualStudioVersion = 10.0.40219.1
Project("{FAE04EC0-301F-11D3-BF4B-00C04F79EFBC}") = "top_trumps_web_app", "top_trumps_web_app\top_trumps_web_app.csproj", "{DDABC4E6-537B-4BC0-B581-32B1DD7820A1}"
EndProject
Global
	GlobalSection(SolutionConfigurationPlatforms) = preSolution
		Debug|Any CPU = Debug|Any CPU
		Release|Any CPU = Release|Any CPU
	EndGlobalSection
	GlobalSection(ProjectConfigurationPlatforms) = postSolution
		{DDABC4E6-537B-4BC0-B581-32B1DD7820A1}.Debug|Any CPU.ActiveCfg = Debug|Any CPU
		{DDABC4E6-537B-4BC0-B581-32B1DD7820A1}.Debug|Any CPU.Build.0 = Debug|Any CPU
		{DDABC4E6-537B-4BC0-B581-32B1DD7820A1}.Release|Any CPU.ActiveCfg = Release|Any CPU
		{DDABC4E6-537B-4BC0-B581-32B1DD7820A1}.Release|Any CPU.Build.0 = Release|Any CPU
	EndGlobalSection
	GlobalSection(SolutionProperties) = preSolution
		HideSolutionNode = FALSE
	EndGlobalSection
	GlobalSection(ExtensibilityGlobals) = postSolution
		SolutionGuid = {A3278083-5A14-4E96-8C2F-AE6B9514B215}
	EndGlobalSection
EndGlobal
